
Microsoft Visual Studio Solution File, Format Version 12.00
# Visual Studio Version 16
VisualStudioVersion = 16.0.32106.194
MinimumVisualStudioVersion = 10.0.40219.1
Project("{FAE04EC0-301F-11D3-BF4B-00C04F79EFBC}") = "CedarWebApp", "CedarWebApp.csproj", "{4CB55958-FB1D-48EE-9278-1881AB5B7EAE}"
EndProject
Global
	GlobalSection(SolutionConfigurationPlatforms) = preSolution
		Debug|Any CPU = Debug|Any CPU
		Release|Any CPU = Release|Any CPU
	EndGlobalSection
	GlobalSection(ProjectConfigurationPlatforms) = postSolution
		{4CB55958-FB1D-48EE-9278-1881AB5B7EAE}.Debug|Any CPU.ActiveCfg = Debug|Any CPU
		{4CB55958-FB1D-48EE-9278-1881AB5B7EAE}.Debug|Any CPU.Build.0 = Debug|Any CPU
		{4CB55958-FB1D-48EE-9278-1881AB5B7EAE}.Release|Any CPU.ActiveCfg = Release|Any CPU
		{4CB55958-FB1D-48EE-9278-1881AB5B7EAE}.Release|Any CPU.Build.0 = Release|Any CPU
	EndGlobalSection
	GlobalSection(SolutionProperties) = preSolution
		HideSolutionNode = FALSE
	EndGlobalSection
	GlobalSection(ExtensibilityGlobals) = postSolution
		SolutionGuid = {42129E85-71C2-4C0E-B637-20DC5B5BDBAA}
	EndGlobalSection
EndGlobal
